
Microsoft Visual Studio Solution File, Format Version 12.00
# Visual Studio Version 17
VisualStudioVersion = 17.8.34511.84
MinimumVisualStudioVersion = 10.0.40219.1
Project("{FAE04EC0-301F-11D3-BF4B-00C04F79EFBC}") = "gRPCClient", "gRPCClient.csproj", "{E0C1B5E8-005B-465A-98E0-1CEB6EB891FE}"
EndProject
Global
	GlobalSection(SolutionConfigurationPlatforms) = preSolution
		Debug|Any CPU = Debug|Any CPU
		Release|Any CPU = Release|Any CPU
	EndGlobalSection
	GlobalSection(ProjectConfigurationPlatforms) = postSolution
		{E0C1B5E8-005B-465A-98E0-1CEB6EB891FE}.Debug|Any CPU.ActiveCfg = Debug|Any CPU
		{E0C1B5E8-005B-465A-98E0-1CEB6EB891FE}.Debug|Any CPU.Build.0 = Debug|Any CPU
		{E0C1B5E8-005B-465A-98E0-1CEB6EB891FE}.Release|Any CPU.ActiveCfg = Release|Any CPU
		{E0C1B5E8-005B-465A-98E0-1CEB6EB891FE}.Release|Any CPU.Build.0 = Release|Any CPU
	EndGlobalSection
	GlobalSection(SolutionProperties) = preSolution
		HideSolutionNode = FALSE
	EndGlobalSection
	GlobalSection(ExtensibilityGlobals) = postSolution
		SolutionGuid = {16B001BD-9508-4386-83F0-FA6CBBFF5FBC}
	EndGlobalSection
EndGlobal
